
Microsoft Visual Studio Solution File, Format Version 12.00
# Visual Studio Version 17
VisualStudioVersion = 17.1.32210.238
MinimumVisualStudioVersion = 10.0.40219.1
Project("{9A19103F-16F7-4668-BE54-9A1E7A4F7556}") = "ModSynth.UI.WinUI", "src\UI\ModSynth.UI.WinUI\ModSynth.UI.WinUI\ModSynth.UI.WinUI\ModSynth.UI.WinUI.csproj", "{3E09AD7A-6F6E-4164-AEC7-B48364589F80}"
EndProject
Project("{C7167F0D-BC9F-4E6E-AFE1-012C56B48DB5}") = "ModSynth.UI.WinUI (Package)", "src\UI\ModSynth.UI.WinUI\ModSynth.UI.WinUI\ModSynth.UI.WinUI (Package)\ModSynth.UI.WinUI (Package).wapproj", "{3035800C-4276-4530-A30D-B29A2FA56B3D}"
EndProject
Project("{2150E333-8FDC-42A3-9474-1A3956D46DE8}") = "UI", "UI", "{77514103-657D-473F-9DF2-20151FB46C7E}"
EndProject
Project("{2150E333-8FDC-42A3-9474-1A3956D46DE8}") = "WinUI", "WinUI", "{A9D9D07B-0C91-41E8-AF82-8600C0E72FB9}"
EndProject
Project("{2150E333-8FDC-42A3-9474-1A3956D46DE8}") = "Console", "Console", "{9887F790-9231-4E04-857A-D063DEA44382}"
EndProject
Project("{9A19103F-16F7-4668-BE54-9A1E7A4F7556}") = "ModSynth.UI.ConsoleDebug", "ModSynth.UI.ConsoleDebug\ModSynth.UI.ConsoleDebug.csproj", "{9B99A51F-4D42-4251-ADDA-50BC278B032A}"
EndProject
Project("{9A19103F-16F7-4668-BE54-9A1E7A4F7556}") = "ModSynth", "src\ModSynth\ModSynth.csproj", "{4DA32F69-B140-4816-B842-019DF2751BA6}"
EndProject
Project("{9A19103F-16F7-4668-BE54-9A1E7A4F7556}") = "ModSynth.Common", "src\ModSynth.Common\ModSynth.Common.csproj", "{D1D66E2E-6364-4E4F-B9A4-4FC57481F18E}"
EndProject
Project("{9A19103F-16F7-4668-BE54-9A1E7A4F7556}") = "ModSynth.Rendering", "src\ModSynth.Rendering\ModSynth.Rendering.csproj", "{5DC7ED78-E21C-40BF-B17F-04505F9F4986}"
EndProject
Project("{9A19103F-16F7-4668-BE54-9A1E7A4F7556}") = "ModSynth.Graph", "src\ModSynth.Graph\ModSynth.Graph.csproj", "{7E993E86-AED9-4342-9753-59C4B6EDB9B7}"
EndProject
Project("{2150E333-8FDC-42A3-9474-1A3956D46DE8}") = "Solution Items", "Solution Items", "{C2D80C59-9330-4313-802F-0D867F7C509E}"
	ProjectSection(SolutionItems) = preProject
		Directory.Build.props = Directory.Build.props
	EndProjectSection
EndProject
Project("{9A19103F-16F7-4668-BE54-9A1E7A4F7556}") = "ModSynth.UI.AudioGraph", "src\UI\ModSynth.UI.AudioGraph\ModSynth.UI.AudioGraph.csproj", "{F25570C6-3D76-4106-862B-4C4998136851}"
EndProject
Project("{9A19103F-16F7-4668-BE54-9A1E7A4F7556}") = "ModSynth.ViewModels", "src\UI\ModSynth.ViewModels\ModSynth.ViewModels.csproj", "{88B0018D-9A62-4526-9E2D-ED083ECB1FF7}"
EndProject
Project("{2150E333-8FDC-42A3-9474-1A3956D46DE8}") = "UWP", "UWP", "{70511F44-ED14-412E-8ECB-0F2C6500285B}"
EndProject
Project("{FAE04EC0-301F-11D3-BF4B-00C04F79EFBC}") = "ModSynth.UI.UWP", "src\UI\UWP\ModSynth.UI.UWP\ModSynth.UI.UWP.csproj", "{37BC011E-AD95-4F97-AFC3-D306B099277A}"
EndProject
Global
	GlobalSection(SolutionConfigurationPlatforms) = preSolution
		Debug|Any CPU = Debug|Any CPU
		Debug|ARM = Debug|ARM
		Debug|arm64 = Debug|arm64
		Debug|x64 = Debug|x64
		Debug|x86 = Debug|x86
		Release|Any CPU = Release|Any CPU
		Release|ARM = Release|ARM
		Release|arm64 = Release|arm64
		Release|x64 = Release|x64
		Release|x86 = Release|x86
	EndGlobalSection
	GlobalSection(ProjectConfigurationPlatforms) = postSolution
		{3E09AD7A-6F6E-4164-AEC7-B48364589F80}.Debug|Any CPU.ActiveCfg = Debug|x64
		{3E09AD7A-6F6E-4164-AEC7-B48364589F80}.Debug|Any CPU.Build.0 = Debug|x64
		{3E09AD7A-6F6E-4164-AEC7-B48364589F80}.Debug|ARM.ActiveCfg = Debug|x64
		{3E09AD7A-6F6E-4164-AEC7-B48364589F80}.Debug|ARM.Build.0 = Debug|x64
		{3E09AD7A-6F6E-4164-AEC7-B48364589F80}.Debug|arm64.ActiveCfg = Debug|arm64
		{3E09AD7A-6F6E-4164-AEC7-B48364589F80}.Debug|arm64.Build.0 = Debug|arm64
		{3E09AD7A-6F6E-4164-AEC7-B48364589F80}.Debug|x64.ActiveCfg = Debug|x64
		{3E09AD7A-6F6E-4164-AEC7-B48364589F80}.Debug|x64.Build.0 = Debug|x64
		{3E09AD7A-6F6E-4164-AEC7-B48364589F80}.Debug|x86.ActiveCfg = Debug|x86
		{3E09AD7A-6F6E-4164-AEC7-B48364589F80}.Debug|x86.Build.0 = Debug|x86
		{3E09AD7A-6F6E-4164-AEC7-B48364589F80}.Release|Any CPU.ActiveCfg = Release|x64
		{3E09AD7A-6F6E-4164-AEC7-B48364589F80}.Release|Any CPU.Build.0 = Release|x64
		{3E09AD7A-6F6E-4164-AEC7-B48364589F80}.Release|ARM.ActiveCfg = Release|x64
		{3E09AD7A-6F6E-4164-AEC7-B48364589F80}.Release|ARM.Build.0 = Release|x64
		{3E09AD7A-6F6E-4164-AEC7-B48364589F80}.Release|arm64.ActiveCfg = Release|arm64
		{3E09AD7A-6F6E-4164-AEC7-B48364589F80}.Release|arm64.Build.0 = Release|arm64
		{3E09AD7A-6F6E-4164-AEC7-B48364589F80}.Release|x64.ActiveCfg = Release|x64
		{3E09AD7A-6F6E-4164-AEC7-B48364589F80}.Release|x64.Build.0 = Release|x64
		{3E09AD7A-6F6E-4164-AEC7-B48364589F80}.Release|x86.ActiveCfg = Release|x86
		{3E09AD7A-6F6E-4164-AEC7-B48364589F80}.Release|x86.Build.0 = Release|x86
		{3035800C-4276-4530-A30D-B29A2FA56B3D}.Debug|Any CPU.ActiveCfg = Debug|x64
		{3035800C-4276-4530-A30D-B29A2FA56B3D}.Debug|Any CPU.Build.0 = Debug|x64
		{3035800C-4276-4530-A30D-B29A2FA56B3D}.Debug|Any CPU.Deploy.0 = Debug|x64
		{3035800C-4276-4530-A30D-B29A2FA56B3D}.Debug|ARM.ActiveCfg = Debug|x64
		{3035800C-4276-4530-A30D-B29A2FA56B3D}.Debug|ARM.Build.0 = Debug|x64
		{3035800C-4276-4530-A30D-B29A2FA56B3D}.Debug|ARM.Deploy.0 = Debug|x64
		{3035800C-4276-4530-A30D-B29A2FA56B3D}.Debug|arm64.ActiveCfg = Debug|arm64
		{3035800C-4276-4530-A30D-B29A2FA56B3D}.Debug|arm64.Build.0 = Debug|arm64
		{3035800C-4276-4530-A30D-B29A2FA56B3D}.Debug|arm64.Deploy.0 = Debug|arm64
		{3035800C-4276-4530-A30D-B29A2FA56B3D}.Debug|x64.ActiveCfg = Debug|x64
		{3035800C-4276-4530-A30D-B29A2FA56B3D}.Debug|x64.Build.0 = Debug|x64
		{3035800C-4276-4530-A30D-B29A2FA56B3D}.Debug|x64.Deploy.0 = Debug|x64
		{3035800C-4276-4530-A30D-B29A2FA56B3D}.Debug|x86.ActiveCfg = Debug|x86
		{3035800C-4276-4530-A30D-B29A2FA56B3D}.Debug|x86.Build.0 = Debug|x86
		{3035800C-4276-4530-A30D-B29A2FA56B3D}.Debug|x86.Deploy.0 = Debug|x86
		{3035800C-4276-4530-A30D-B29A2FA56B3D}.Release|Any CPU.ActiveCfg = Release|x64
		{3035800C-4276-4530-A30D-B29A2FA56B3D}.Release|Any CPU.Build.0 = Release|x64
		{3035800C-4276-4530-A30D-B29A2FA56B3D}.Release|Any CPU.Deploy.0 = Release|x64
		{3035800C-4276-4530-A30D-B29A2FA56B3D}.Release|ARM.ActiveCfg = Release|x64
		{3035800C-4276-4530-A30D-B29A2FA56B3D}.Release|ARM.Build.0 = Release|x64
		{3035800C-4276-4530-A30D-B29A2FA56B3D}.Release|ARM.Deploy.0 = Release|x64
		{3035800C-4276-4530-A30D-B29A2FA56B3D}.Release|arm64.ActiveCfg = Release|arm64
		{3035800C-4276-4530-A30D-B29A2FA56B3D}.Release|arm64.Build.0 = Release|arm64
		{3035800C-4276-4530-A30D-B29A2FA56B3D}.Release|arm64.Deploy.0 = Release|arm64
		{3035800C-4276-4530-A30D-B29A2FA56B3D}.Release|x64.ActiveCfg = Release|x64
		{3035800C-4276-4530-A30D-B29A2FA56B3D}.Release|x64.Build.0 = Release|x64
		{3035800C-4276-4530-A30D-B29A2FA56B3D}.Release|x64.Deploy.0 = Release|x64
		{3035800C-4276-4530-A30D-B29A2FA56B3D}.Release|x86.ActiveCfg = Release|x86
		{3035800C-4276-4530-A30D-B29A2FA56B3D}.Release|x86.Build.0 = Release|x86
		{3035800C-4276-4530-A30D-B29A2FA56B3D}.Release|x86.Deploy.0 = Release|x86
		{9B99A51F-4D42-4251-ADDA-50BC278B032A}.Debug|Any CPU.ActiveCfg = Debug|Any CPU
		{9B99A51F-4D42-4251-ADDA-50BC278B032A}.Debug|Any CPU.Build.0 = Debug|Any CPU
		{9B99A51F-4D42-4251-ADDA-50BC278B032A}.Debug|ARM.ActiveCfg = Debug|Any CPU
		{9B99A51F-4D42-4251-ADDA-50BC278B032A}.Debug|ARM.Build.0 = Debug|Any CPU
		{9B99A51F-4D42-4251-ADDA-50BC278B032A}.Debug|arm64.ActiveCfg = Debug|Any CPU
		{9B99A51F-4D42-4251-ADDA-50BC278B032A}.Debug|arm64.Build.0 = Debug|Any CPU
		{9B99A51F-4D42-4251-ADDA-50BC278B032A}.Debug|x64.ActiveCfg = Debug|Any CPU
		{9B99A51F-4D42-4251-ADDA-50BC278B032A}.Debug|x64.Build.0 = Debug|Any CPU
		{9B99A51F-4D42-4251-ADDA-50BC278B032A}.Debug|x86.ActiveCfg = Debug|Any CPU
		{9B99A51F-4D42-4251-ADDA-50BC278B032A}.Debug|x86.Build.0 = Debug|Any CPU
		{9B99A51F-4D42-4251-ADDA-50BC278B032A}.Release|Any CPU.ActiveCfg = Release|Any CPU
		{9B99A51F-4D42-4251-ADDA-50BC278B032A}.Release|Any CPU.Build.0 = Release|Any CPU
		{9B99A51F-4D42-4251-ADDA-50BC278B032A}.Release|ARM.ActiveCfg = Release|Any CPU
		{9B99A51F-4D42-4251-ADDA-50BC278B032A}.Release|ARM.Build.0 = Release|Any CPU
		{9B99A51F-4D42-4251-ADDA-50BC278B032A}.Release|arm64.ActiveCfg = Release|Any CPU
		{9B99A51F-4D42-4251-ADDA-50BC278B032A}.Release|arm64.Build.0 = Release|Any CPU
		{9B99A51F-4D42-4251-ADDA-50BC278B032A}.Release|x64.ActiveCfg = Release|Any CPU
		{9B99A51F-4D42-4251-ADDA-50BC278B032A}.Release|x64.Build.0 = Release|Any CPU
		{9B99A51F-4D42-4251-ADDA-50BC278B032A}.Release|x86.ActiveCfg = Release|Any CPU
		{9B99A51F-4D42-4251-ADDA-50BC278B032A}.Release|x86.Build.0 = Release|Any CPU
		{4DA32F69-B140-4816-B842-019DF2751BA6}.Debug|Any CPU.ActiveCfg = Debug|Any CPU
		{4DA32F69-B140-4816-B842-019DF2751BA6}.Debug|Any CPU.Build.0 = Debug|Any CPU
		{4DA32F69-B140-4816-B842-019DF2751BA6}.Debug|ARM.ActiveCfg = Debug|Any CPU
		{4DA32F69-B140-4816-B842-019DF2751BA6}.Debug|ARM.Build.0 = Debug|Any CPU
		{4DA32F69-B140-4816-B842-019DF2751BA6}.Debug|arm64.ActiveCfg = Debug|Any CPU
		{4DA32F69-B140-4816-B842-019DF2751BA6}.Debug|arm64.Build.0 = Debug|Any CPU
		{4DA32F69-B140-4816-B842-019DF2751BA6}.Debug|x64.ActiveCfg = Debug|Any CPU
		{4DA32F69-B140-4816-B842-019DF2751BA6}.Debug|x64.Build.0 = Debug|Any CPU
		{4DA32F69-B140-4816-B842-019DF2751BA6}.Debug|x86.ActiveCfg = Debug|Any CPU
		{4DA32F69-B140-4816-B842-019DF2751BA6}.Debug|x86.Build.0 = Debug|Any CPU
		{4DA32F69-B140-4816-B842-019DF2751BA6}.Release|Any CPU.ActiveCfg = Release|Any CPU
		{4DA32F69-B140-4816-B842-019DF2751BA6}.Release|Any CPU.Build.0 = Release|Any CPU
		{4DA32F69-B140-4816-B842-019DF2751BA6}.Release|ARM.ActiveCfg = Release|Any CPU
		{4DA32F69-B140-4816-B842-019DF2751BA6}.Release|ARM.Build.0 = Release|Any CPU
		{4DA32F69-B140-4816-B842-019DF2751BA6}.Release|arm64.ActiveCfg = Release|Any CPU
		{4DA32F69-B140-4816-B842-019DF2751BA6}.Release|arm64.Build.0 = Release|Any CPU
		{4DA32F69-B140-4816-B842-019DF2751BA6}.Release|x64.ActiveCfg = Release|Any CPU
		{4DA32F69-B140-4816-B842-019DF2751BA6}.Release|x64.Build.0 = Release|Any CPU
		{4DA32F69-B140-4816-B842-019DF2751BA6}.Release|x86.ActiveCfg = Release|Any CPU
		{4DA32F69-B140-4816-B842-019DF2751BA6}.Release|x86.Build.0 = Release|Any CPU
		{D1D66E2E-6364-4E4F-B9A4-4FC57481F18E}.Debug|Any CPU.ActiveCfg = Debug|Any CPU
		{D1D66E2E-6364-4E4F-B9A4-4FC57481F18E}.Debug|Any CPU.Build.0 = Debug|Any CPU
		{D1D66E2E-6364-4E4F-B9A4-4FC57481F18E}.Debug|ARM.ActiveCfg = Debug|Any CPU
		{D1D66E2E-6364-4E4F-B9A4-4FC57481F18E}.Debug|ARM.Build.0 = Debug|Any CPU
		{D1D66E2E-6364-4E4F-B9A4-4FC57481F18E}.Debug|arm64.ActiveCfg = Debug|Any CPU
		{D1D66E2E-6364-4E4F-B9A4-4FC57481F18E}.Debug|arm64.Build.0 = Debug|Any CPU
		{D1D66E2E-6364-4E4F-B9A4-4FC57481F18E}.Debug|x64.ActiveCfg = Debug|Any CPU
		{D1D66E2E-6364-4E4F-B9A4-4FC57481F18E}.Debug|x64.Build.0 = Debug|Any CPU
		{D1D66E2E-6364-4E4F-B9A4-4FC57481F18E}.Debug|x86.ActiveCfg = Debug|Any CPU
		{D1D66E2E-6364-4E4F-B9A4-4FC57481F18E}.Debug|x86.Build.0 = Debug|Any CPU
		{D1D66E2E-6364-4E4F-B9A4-4FC57481F18E}.Release|Any CPU.ActiveCfg = Release|Any CPU
		{D1D66E2E-6364-4E4F-B9A4-4FC57481F18E}.Release|Any CPU.Build.0 = Release|Any CPU
		{D1D66E2E-6364-4E4F-B9A4-4FC57481F18E}.Release|ARM.ActiveCfg = Release|Any CPU
		{D1D66E2E-6364-4E4F-B9A4-4FC57481F18E}.Release|ARM.Build.0 = Release|Any CPU
		{D1D66E2E-6364-4E4F-B9A4-4FC57481F18E}.Release|arm64.ActiveCfg = Release|Any CPU
		{D1D66E2E-6364-4E4F-B9A4-4FC57481F18E}.Release|arm64.Build.0 = Release|Any CPU
		{D1D66E2E-6364-4E4F-B9A4-4FC57481F18E}.Release|x64.ActiveCfg = Release|Any CPU
		{D1D66E2E-6364-4E4F-B9A4-4FC57481F18E}.Release|x64.Build.0 = Release|Any CPU
		{D1D66E2E-6364-4E4F-B9A4-4FC57481F18E}.Release|x86.ActiveCfg = Release|Any CPU
		{D1D66E2E-6364-4E4F-B9A4-4FC57481F18E}.Release|x86.Build.0 = Release|Any CPU
		{5DC7ED78-E21C-40BF-B17F-04505F9F4986}.Debug|Any CPU.ActiveCfg = Debug|Any CPU
		{5DC7ED78-E21C-40BF-B17F-04505F9F4986}.Debug|Any CPU.Build.0 = Debug|Any CPU
		{5DC7ED78-E21C-40BF-B17F-04505F9F4986}.Debug|ARM.ActiveCfg = Debug|Any CPU
		{5DC7ED78-E21C-40BF-B17F-04505F9F4986}.Debug|ARM.Build.0 = Debug|Any CPU
		{5DC7ED78-E21C-40BF-B17F-04505F9F4986}.Debug|arm64.ActiveCfg = Debug|Any CPU
		{5DC7ED78-E21C-40BF-B17F-04505F9F4986}.Debug|arm64.Build.0 = Debug|Any CPU
		{5DC7ED78-E21C-40BF-B17F-04505F9F4986}.Debug|x64.ActiveCfg = Debug|Any CPU
		{5DC7ED78-E21C-40BF-B17F-04505F9F4986}.Debug|x64.Build.0 = Debug|Any CPU
		{5DC7ED78-E21C-40BF-B17F-04505F9F4986}.Debug|x86.ActiveCfg = Debug|Any CPU
		{5DC7ED78-E21C-40BF-B17F-04505F9F4986}.Debug|x86.Build.0 = Debug|Any CPU
		{5DC7ED78-E21C-40BF-B17F-04505F9F4986}.Release|Any CPU.ActiveCfg = Release|Any CPU
		{5DC7ED78-E21C-40BF-B17F-04505F9F4986}.Release|Any CPU.Build.0 = Release|Any CPU
		{5DC7ED78-E21C-40BF-B17F-04505F9F4986}.Release|ARM.ActiveCfg = Release|Any CPU
		{5DC7ED78-E21C-40BF-B17F-04505F9F4986}.Release|ARM.Build.0 = Release|Any CPU
		{5DC7ED78-E21C-40BF-B17F-04505F9F4986}.Release|arm64.ActiveCfg = Release|Any CPU
		{5DC7ED78-E21C-40BF-B17F-04505F9F4986}.Release|arm64.Build.0 = Release|Any CPU
		{5DC7ED78-E21C-40BF-B17F-04505F9F4986}.Release|x64.ActiveCfg = Release|Any CPU
		{5DC7ED78-E21C-40BF-B17F-04505F9F4986}.Release|x64.Build.0 = Release|Any CPU
		{5DC7ED78-E21C-40BF-B17F-04505F9F4986}.Release|x86.ActiveCfg = Release|Any CPU
		{5DC7ED78-E21C-40BF-B17F-04505F9F4986}.Release|x86.Build.0 = Release|Any CPU
		{7E993E86-AED9-4342-9753-59C4B6EDB9B7}.Debug|Any CPU.ActiveCfg = Debug|Any CPU
		{7E993E86-AED9-4342-9753-59C4B6EDB9B7}.Debug|Any CPU.Build.0 = Debug|Any CPU
		{7E993E86-AED9-4342-9753-59C4B6EDB9B7}.Debug|ARM.ActiveCfg = Debug|Any CPU
		{7E993E86-AED9-4342-9753-59C4B6EDB9B7}.Debug|ARM.Build.0 = Debug|Any CPU
		{7E993E86-AED9-4342-9753-59C4B6EDB9B7}.Debug|arm64.ActiveCfg = Debug|Any CPU
		{7E993E86-AED9-4342-9753-59C4B6EDB9B7}.Debug|arm64.Build.0 = Debug|Any CPU
		{7E993E86-AED9-4342-9753-59C4B6EDB9B7}.Debug|x64.ActiveCfg = Debug|Any CPU
		{7E993E86-AED9-4342-9753-59C4B6EDB9B7}.Debug|x64.Build.0 = Debug|Any CPU
		{7E993E86-AED9-4342-9753-59C4B6EDB9B7}.Debug|x86.ActiveCfg = Debug|Any CPU
		{7E993E86-AED9-4342-9753-59C4B6EDB9B7}.Debug|x86.Build.0 = Debug|Any CPU
		{7E993E86-AED9-4342-9753-59C4B6EDB9B7}.Release|Any CPU.ActiveCfg = Release|Any CPU
		{7E993E86-AED9-4342-9753-59C4B6EDB9B7}.Release|Any CPU.Build.0 = Release|Any CPU
		{7E993E86-AED9-4342-9753-59C4B6EDB9B7}.Release|ARM.ActiveCfg = Release|Any CPU
		{7E993E86-AED9-4342-9753-59C4B6EDB9B7}.Release|ARM.Build.0 = Release|Any CPU
		{7E993E86-AED9-4342-9753-59C4B6EDB9B7}.Release|arm64.ActiveCfg = Release|Any CPU
		{7E993E86-AED9-4342-9753-59C4B6EDB9B7}.Release|arm64.Build.0 = Release|Any CPU
		{7E993E86-AED9-4342-9753-59C4B6EDB9B7}.Release|x64.ActiveCfg = Release|Any CPU
		{7E993E86-AED9-4342-9753-59C4B6EDB9B7}.Release|x64.Build.0 = Release|Any CPU
		{7E993E86-AED9-4342-9753-59C4B6EDB9B7}.Release|x86.ActiveCfg = Release|Any CPU
		{7E993E86-AED9-4342-9753-59C4B6EDB9B7}.Release|x86.Build.0 = Release|Any CPU
		{F25570C6-3D76-4106-862B-4C4998136851}.Debug|Any CPU.ActiveCfg = Debug|Any CPU
		{F25570C6-3D76-4106-862B-4C4998136851}.Debug|Any CPU.Build.0 = Debug|Any CPU
		{F25570C6-3D76-4106-862B-4C4998136851}.Debug|ARM.ActiveCfg = Debug|Any CPU
		{F25570C6-3D76-4106-862B-4C4998136851}.Debug|ARM.Build.0 = Debug|Any CPU
		{F25570C6-3D76-4106-862B-4C4998136851}.Debug|arm64.ActiveCfg = Debug|Any CPU
		{F25570C6-3D76-4106-862B-4C4998136851}.Debug|arm64.Build.0 = Debug|Any CPU
		{F25570C6-3D76-4106-862B-4C4998136851}.Debug|x64.ActiveCfg = Debug|Any CPU
		{F25570C6-3D76-4106-862B-4C4998136851}.Debug|x64.Build.0 = Debug|Any CPU
		{F25570C6-3D76-4106-862B-4C4998136851}.Debug|x86.ActiveCfg = Debug|Any CPU
		{F25570C6-3D76-4106-862B-4C4998136851}.Debug|x86.Build.0 = Debug|Any CPU
		{F25570C6-3D76-4106-862B-4C4998136851}.Release|Any CPU.ActiveCfg = Release|Any CPU
		{F25570C6-3D76-4106-862B-4C4998136851}.Release|Any CPU.Build.0 = Release|Any CPU
		{F25570C6-3D76-4106-862B-4C4998136851}.Release|ARM.ActiveCfg = Release|Any CPU
		{F25570C6-3D76-4106-862B-4C4998136851}.Release|ARM.Build.0 = Release|Any CPU
		{F25570C6-3D76-4106-862B-4C4998136851}.Release|arm64.ActiveCfg = Release|Any CPU
		{F25570C6-3D76-4106-862B-4C4998136851}.Release|arm64.Build.0 = Release|Any CPU
		{F25570C6-3D76-4106-862B-4C4998136851}.Release|x64.ActiveCfg = Release|Any CPU
		{F25570C6-3D76-4106-862B-4C4998136851}.Release|x64.Build.0 = Release|Any CPU
		{F25570C6-3D76-4106-862B-4C4998136851}.Release|x86.ActiveCfg = Release|Any CPU
		{F25570C6-3D76-4106-862B-4C4998136851}.Release|x86.Build.0 = Release|Any CPU
		{88B0018D-9A62-4526-9E2D-ED083ECB1FF7}.Debug|Any CPU.ActiveCfg = Debug|Any CPU
		{88B0018D-9A62-4526-9E2D-ED083ECB1FF7}.Debug|Any CPU.Build.0 = Debug|Any CPU
		{88B0018D-9A62-4526-9E2D-ED083ECB1FF7}.Debug|ARM.ActiveCfg = Debug|Any CPU
		{88B0018D-9A62-4526-9E2D-ED083ECB1FF7}.Debug|ARM.Build.0 = Debug|Any CPU
		{88B0018D-9A62-4526-9E2D-ED083ECB1FF7}.Debug|arm64.ActiveCfg = Debug|Any CPU
		{88B0018D-9A62-4526-9E2D-ED083ECB1FF7}.Debug|arm64.Build.0 = Debug|Any CPU
		{88B0018D-9A62-4526-9E2D-ED083ECB1FF7}.Debug|x64.ActiveCfg = Debug|Any CPU
		{88B0018D-9A62-4526-9E2D-ED083ECB1FF7}.Debug|x64.Build.0 = Debug|Any CPU
		{88B0018D-9A62-4526-9E2D-ED083ECB1FF7}.Debug|x86.ActiveCfg = Debug|Any CPU
		{88B0018D-9A62-4526-9E2D-ED083ECB1FF7}.Debug|x86.Build.0 = Debug|Any CPU
		{88B0018D-9A62-4526-9E2D-ED083ECB1FF7}.Release|Any CPU.ActiveCfg = Release|Any CPU
		{88B0018D-9A62-4526-9E2D-ED083ECB1FF7}.Release|Any CPU.Build.0 = Release|Any CPU
		{88B0018D-9A62-4526-9E2D-ED083ECB1FF7}.Release|ARM.ActiveCfg = Release|Any CPU
		{88B0018D-9A62-4526-9E2D-ED083ECB1FF7}.Release|ARM.Build.0 = Release|Any CPU
		{88B0018D-9A62-4526-9E2D-ED083ECB1FF7}.Release|arm64.ActiveCfg = Release|Any CPU
		{88B0018D-9A62-4526-9E2D-ED083ECB1FF7}.Release|arm64.Build.0 = Release|Any CPU
		{88B0018D-9A62-4526-9E2D-ED083ECB1FF7}.Release|x64.ActiveCfg = Release|Any CPU
		{88B0018D-9A62-4526-9E2D-ED083ECB1FF7}.Release|x64.Build.0 = Release|Any CPU
		{88B0018D-9A62-4526-9E2D-ED083ECB1FF7}.Release|x86.ActiveCfg = Release|Any CPU
		{88B0018D-9A62-4526-9E2D-ED083ECB1FF7}.Release|x86.Build.0 = Release|Any CPU
		{37BC011E-AD95-4F97-AFC3-D306B099277A}.Debug|Any CPU.ActiveCfg = Debug|x64
		{37BC011E-AD95-4F97-AFC3-D306B099277A}.Debug|Any CPU.Build.0 = Debug|x64
		{37BC011E-AD95-4F97-AFC3-D306B099277A}.Debug|Any CPU.Deploy.0 = Debug|x64
		{37BC011E-AD95-4F97-AFC3-D306B099277A}.Debug|ARM.ActiveCfg = Debug|ARM
		{37BC011E-AD95-4F97-AFC3-D306B099277A}.Debug|ARM.Build.0 = Debug|ARM
		{37BC011E-AD95-4F97-AFC3-D306B099277A}.Debug|ARM.Deploy.0 = Debug|ARM
		{37BC011E-AD95-4F97-AFC3-D306B099277A}.Debug|arm64.ActiveCfg = Debug|ARM64
		{37BC011E-AD95-4F97-AFC3-D306B099277A}.Debug|arm64.Build.0 = Debug|ARM64
		{37BC011E-AD95-4F97-AFC3-D306B099277A}.Debug|arm64.Deploy.0 = Debug|ARM64
		{37BC011E-AD95-4F97-AFC3-D306B099277A}.Debug|x64.ActiveCfg = Debug|x64
		{37BC011E-AD95-4F97-AFC3-D306B099277A}.Debug|x64.Build.0 = Debug|x64
		{37BC011E-AD95-4F97-AFC3-D306B099277A}.Debug|x64.Deploy.0 = Debug|x64
		{37BC011E-AD95-4F97-AFC3-D306B099277A}.Debug|x86.ActiveCfg = Debug|x86
		{37BC011E-AD95-4F97-AFC3-D306B099277A}.Debug|x86.Build.0 = Debug|x86
		{37BC011E-AD95-4F97-AFC3-D306B099277A}.Debug|x86.Deploy.0 = Debug|x86
		{37BC011E-AD95-4F97-AFC3-D306B099277A}.Release|Any CPU.ActiveCfg = Release|x64
		{37BC011E-AD95-4F97-AFC3-D306B099277A}.Release|Any CPU.Build.0 = Release|x64
		{37BC011E-AD95-4F97-AFC3-D306B099277A}.Release|Any CPU.Deploy.0 = Release|x64
		{37BC011E-AD95-4F97-AFC3-D306B099277A}.Release|ARM.ActiveCfg = Release|ARM
		{37BC011E-AD95-4F97-AFC3-D306B099277A}.Release|ARM.Build.0 = Release|ARM
		{37BC011E-AD95-4F97-AFC3-D306B099277A}.Release|ARM.Deploy.0 = Release|ARM
		{37BC011E-AD95-4F97-AFC3-D306B099277A}.Release|arm64.ActiveCfg = Release|ARM64
		{37BC011E-AD95-4F97-AFC3-D306B099277A}.Release|arm64.Build.0 = Release|ARM64
		{37BC011E-AD95-4F97-AFC3-D306B099277A}.Release|arm64.Deploy.0 = Release|ARM64
		{37BC011E-AD95-4F97-AFC3-D306B099277A}.Release|x64.ActiveCfg = Release|x64
		{37BC011E-AD95-4F97-AFC3-D306B099277A}.Release|x64.Build.0 = Release|x64
		{37BC011E-AD95-4F97-AFC3-D306B099277A}.Release|x64.Deploy.0 = Release|x64
		{37BC011E-AD95-4F97-AFC3-D306B099277A}.Release|x86.ActiveCfg = Release|x86
		{37BC011E-AD95-4F97-AFC3-D306B099277A}.Release|x86.Build.0 = Release|x86
		{37BC011E-AD95-4F97-AFC3-D306B099277A}.Release|x86.Deploy.0 = Release|x86
	EndGlobalSection
	GlobalSection(SolutionProperties) = preSolution
		HideSolutionNode = FALSE
	EndGlobalSection
	GlobalSection(NestedProjects) = preSolution
		{3E09AD7A-6F6E-4164-AEC7-B48364589F80} = {A9D9D07B-0C91-41E8-AF82-8600C0E72FB9}
		{3035800C-4276-4530-A30D-B29A2FA56B3D} = {A9D9D07B-0C91-41E8-AF82-8600C0E72FB9}
		{A9D9D07B-0C91-41E8-AF82-8600C0E72FB9} = {77514103-657D-473F-9DF2-20151FB46C7E}
		{9887F790-9231-4E04-857A-D063DEA44382} = {77514103-657D-473F-9DF2-20151FB46C7E}
		{9B99A51F-4D42-4251-ADDA-50BC278B032A} = {9887F790-9231-4E04-857A-D063DEA44382}
		{F25570C6-3D76-4106-862B-4C4998136851} = {77514103-657D-473F-9DF2-20151FB46C7E}
		{88B0018D-9A62-4526-9E2D-ED083ECB1FF7} = {77514103-657D-473F-9DF2-20151FB46C7E}
		{70511F44-ED14-412E-8ECB-0F2C6500285B} = {77514103-657D-473F-9DF2-20151FB46C7E}
		{37BC011E-AD95-4F97-AFC3-D306B099277A} = {70511F44-ED14-412E-8ECB-0F2C6500285B}
	EndGlobalSection
	GlobalSection(ExtensibilityGlobals) = postSolution
		SolutionGuid = {99A783DD-2971-4363-8C06-0CB375CFE919}
	EndGlobalSection
EndGlobal
